
Microsoft Visual Studio Solution File, Format Version 12.00
# Visual Studio Version 16
VisualStudioVersion = 16.0.31129.286
MinimumVisualStudioVersion = 10.0.40219.1
Project("{FAE04EC0-301F-11D3-BF4B-00C04F79EFBC}") = "properties_2", "properties_2\properties_2.csproj", "{7D0E5EBB-FA8C-4CE9-88E3-A84FC855FBDC}"
EndProject
Global
	GlobalSection(SolutionConfigurationPlatforms) = preSolution
		Debug|Any CPU = Debug|Any CPU
		Release|Any CPU = Release|Any CPU
	EndGlobalSection
	GlobalSection(ProjectConfigurationPlatforms) = postSolution
		{7D0E5EBB-FA8C-4CE9-88E3-A84FC855FBDC}.Debug|Any CPU.ActiveCfg = Debug|Any CPU
		{7D0E5EBB-FA8C-4CE9-88E3-A84FC855FBDC}.Debug|Any CPU.Build.0 = Debug|Any CPU
		{7D0E5EBB-FA8C-4CE9-88E3-A84FC855FBDC}.Release|Any CPU.ActiveCfg = Release|Any CPU
		{7D0E5EBB-FA8C-4CE9-88E3-A84FC855FBDC}.Release|Any CPU.Build.0 = Release|Any CPU
	EndGlobalSection
	GlobalSection(SolutionProperties) = preSolution
		HideSolutionNode = FALSE
	EndGlobalSection
	GlobalSection(ExtensibilityGlobals) = postSolution
		SolutionGuid = {7A32DE23-1E74-4138-994A-561D7238C913}
	EndGlobalSection
EndGlobal
