
Microsoft Visual Studio Solution File, Format Version 12.00
# Visual Studio Version 16
VisualStudioVersion = 16.0.31129.286
MinimumVisualStudioVersion = 10.0.40219.1
Project("{FAE04EC0-301F-11D3-BF4B-00C04F79EFBC}") = "Delegates", "Delegates\Delegates.csproj", "{21EB085C-26FC-448F-82CA-1C019F125482}"
EndProject
Global
	GlobalSection(SolutionConfigurationPlatforms) = preSolution
		Debug|Any CPU = Debug|Any CPU
		Release|Any CPU = Release|Any CPU
	EndGlobalSection
	GlobalSection(ProjectConfigurationPlatforms) = postSolution
		{21EB085C-26FC-448F-82CA-1C019F125482}.Debug|Any CPU.ActiveCfg = Debug|Any CPU
		{21EB085C-26FC-448F-82CA-1C019F125482}.Debug|Any CPU.Build.0 = Debug|Any CPU
		{21EB085C-26FC-448F-82CA-1C019F125482}.Release|Any CPU.ActiveCfg = Release|Any CPU
		{21EB085C-26FC-448F-82CA-1C019F125482}.Release|Any CPU.Build.0 = Release|Any CPU
	EndGlobalSection
	GlobalSection(SolutionProperties) = preSolution
		HideSolutionNode = FALSE
	EndGlobalSection
	GlobalSection(ExtensibilityGlobals) = postSolution
		SolutionGuid = {F00F55B0-76D9-401F-85CE-09A1DE1ED85B}
	EndGlobalSection
EndGlobal
