
Microsoft Visual Studio Solution File, Format Version 12.00
# Visual Studio Version 16
VisualStudioVersion = 16.0.31129.286
MinimumVisualStudioVersion = 10.0.40219.1
Project("{FAE04EC0-301F-11D3-BF4B-00C04F79EFBC}") = "Polymorphism", "Polymorphism\Polymorphism.csproj", "{C76AED35-5C01-4D69-8D0E-A5338B8F827C}"
EndProject
Global
	GlobalSection(SolutionConfigurationPlatforms) = preSolution
		Debug|Any CPU = Debug|Any CPU
		Release|Any CPU = Release|Any CPU
	EndGlobalSection
	GlobalSection(ProjectConfigurationPlatforms) = postSolution
		{C76AED35-5C01-4D69-8D0E-A5338B8F827C}.Debug|Any CPU.ActiveCfg = Debug|Any CPU
		{C76AED35-5C01-4D69-8D0E-A5338B8F827C}.Debug|Any CPU.Build.0 = Debug|Any CPU
		{C76AED35-5C01-4D69-8D0E-A5338B8F827C}.Release|Any CPU.ActiveCfg = Release|Any CPU
		{C76AED35-5C01-4D69-8D0E-A5338B8F827C}.Release|Any CPU.Build.0 = Release|Any CPU
	EndGlobalSection
	GlobalSection(SolutionProperties) = preSolution
		HideSolutionNode = FALSE
	EndGlobalSection
	GlobalSection(ExtensibilityGlobals) = postSolution
		SolutionGuid = {F154C717-7225-4AD7-BF1D-EB6E558DF506}
	EndGlobalSection
EndGlobal
